
Microsoft Visual Studio Solution File, Format Version 12.00
# Visual Studio Version 17
VisualStudioVersion = 17.5.002.0
MinimumVisualStudioVersion = 10.0.40219.1
Project("{9A19103F-16F7-4668-BE54-9A1E7A4F7556}") = "tl2-tp1-2024-Sofiardb", "tl2-tp1-2024-Sofiardb.csproj", "{AE8ACD7B-C725-497A-B703-A7AE2EF6FBFC}"
EndProject
Global
	GlobalSection(SolutionConfigurationPlatforms) = preSolution
		Debug|Any CPU = Debug|Any CPU
		Release|Any CPU = Release|Any CPU
	EndGlobalSection
	GlobalSection(ProjectConfigurationPlatforms) = postSolution
		{AE8ACD7B-C725-497A-B703-A7AE2EF6FBFC}.Debug|Any CPU.ActiveCfg = Debug|Any CPU
		{AE8ACD7B-C725-497A-B703-A7AE2EF6FBFC}.Debug|Any CPU.Build.0 = Debug|Any CPU
		{AE8ACD7B-C725-497A-B703-A7AE2EF6FBFC}.Release|Any CPU.ActiveCfg = Release|Any CPU
		{AE8ACD7B-C725-497A-B703-A7AE2EF6FBFC}.Release|Any CPU.Build.0 = Release|Any CPU
	EndGlobalSection
	GlobalSection(SolutionProperties) = preSolution
		HideSolutionNode = FALSE
	EndGlobalSection
	GlobalSection(ExtensibilityGlobals) = postSolution
		SolutionGuid = {E047D7E2-C4EC-4A59-9F90-7DC7C531799D}
	EndGlobalSection
EndGlobal
